lockfileVersion: 5.4

specifiers:
  '@rsbuild/core': ^0.6.15
  '@rsbuild/plugin-react': ^0.6.15
  crypto-js: ^4.2.0
  loadsh: ^0.0.4

dependencies:
  crypto-js: 4.2.0
  loadsh: 0.0.4

devDependencies:
  '@rsbuild/core': 0.6.15
  '@rsbuild/plugin-react': 0.6.15_@rsbuild+core@0.6.15

packages:

  /@module-federation/runtime-tools/0.1.6:
    resolution: {integrity: sha1-7pu+jG6CO0xkFpXJGrCwv9xbMQI=, tarball: '@module-federation/runtime-tools/download/@module-federation/runtime-tools-0.1.6.tgz'}
    dependencies:
      '@module-federation/runtime': 0.1.6
      '@module-federation/webpack-bundler-runtime': 0.1.6
    dev: true

  /@module-federation/runtime/0.1.6:
    resolution: {integrity: sha1-5Wrba9sMUmS6V0DQqmRWjxmgw74=, tarball: '@module-federation/runtime/download/@module-federation/runtime-0.1.6.tgz'}
    dependencies:
      '@module-federation/sdk': 0.1.6
    dev: true

  /@module-federation/sdk/0.1.6:
    resolution: {integrity: sha1-TWSyBu9r3dmcp0aA8niiE0pJPdU=, tarball: '@module-federation/sdk/download/@module-federation/sdk-0.1.6.tgz'}
    dev: true

  /@module-federation/webpack-bundler-runtime/0.1.6:
    resolution: {integrity: sha1-hSBDWRPKEOTyWegl2VIQAllbp2k=, tarball: '@module-federation/webpack-bundler-runtime/download/@module-federation/webpack-bundler-runtime-0.1.6.tgz'}
    dependencies:
      '@module-federation/runtime': 0.1.6
      '@module-federation/sdk': 0.1.6
    dev: true

  /@rsbuild/core/0.6.15:
    resolution: {integrity: sha1-rctfuxeL6527B7Gk9HeEr9mzV+4=, tarball: '@rsbuild/core/download/@rsbuild/core-0.6.15.tgz'}
    engines: {node: '>=16.0.0'}
    hasBin: true
    dependencies:
      '@rsbuild/shared': 0.6.15_@swc+helpers@0.5.3
      '@rspack/core': 0.6.5_@swc+helpers@0.5.3
      '@swc/helpers': 0.5.3
      core-js: 3.36.1
      html-webpack-plugin: /html-rspack-plugin/5.7.2_@rspack+core@0.6.5
      postcss: 8.4.38
    dev: true

  /@rsbuild/plugin-react/0.6.15_@rsbuild+core@0.6.15:
    resolution: {integrity: sha1-nPk6yEtIjkOD/zsUuK0gfBBXJro=, tarball: '@rsbuild/plugin-react/download/@rsbuild/plugin-react-0.6.15.tgz'}
    peerDependencies:
      '@rsbuild/core': ^0.6.15
    dependencies:
      '@rsbuild/core': 0.6.15
      '@rsbuild/shared': 0.6.15
      '@rspack/plugin-react-refresh': 0.6.5_react-refresh@0.14.2
      react-refresh: 0.14.2
    transitivePeerDependencies:
      - '@swc/helpers'
    dev: true

  /@rsbuild/shared/0.6.15:
    resolution: {integrity: sha1-mhJrB/5bv7bA3fKkKk/XC2xNYAg=, tarball: '@rsbuild/shared/download/@rsbuild/shared-0.6.15.tgz'}
    dependencies:
      '@rspack/core': 0.6.5
      caniuse-lite: 1.0.30001618
      postcss: 8.4.38
    optionalDependencies:
      fsevents: 2.3.3
    transitivePeerDependencies:
      - '@swc/helpers'
    dev: true

  /@rsbuild/shared/0.6.15_@swc+helpers@0.5.3:
    resolution: {integrity: sha1-mhJrB/5bv7bA3fKkKk/XC2xNYAg=, tarball: '@rsbuild/shared/download/@rsbuild/shared-0.6.15.tgz'}
    dependencies:
      '@rspack/core': 0.6.5_@swc+helpers@0.5.3
      caniuse-lite: 1.0.30001618
      postcss: 8.4.38
    optionalDependencies:
      fsevents: 2.3.3
    transitivePeerDependencies:
      - '@swc/helpers'
    dev: true

  /@rspack/binding-darwin-arm64/0.6.5:
    resolution: {integrity: sha1-zOSlSzriMn4Zmh5PC/EFi/LQSUo=, tarball: '@rspack/binding-darwin-arm64/download/@rspack/binding-darwin-arm64-0.6.5.tgz'}
    cpu: [arm64]
    os: [darwin]
    requiresBuild: true
    dev: true
    optional: true

  /@rspack/binding-darwin-x64/0.6.5:
    resolution: {integrity: sha1-n408ptKOB4z1Nl0Qeeeer+wS1V4=, tarball: '@rspack/binding-darwin-x64/download/@rspack/binding-darwin-x64-0.6.5.tgz'}
    cpu: [x64]
    os: [darwin]
    requiresBuild: true
    dev: true
    optional: true

  /@rspack/binding-linux-arm64-gnu/0.6.5:
    resolution: {integrity: sha1-eGkYRChwG1DVSXGX4HkWpiDDte4=, tarball: '@rspack/binding-linux-arm64-gnu/download/@rspack/binding-linux-arm64-gnu-0.6.5.tgz'}
    cpu: [arm64]
    os: [linux]
    libc: [glibc]
    requiresBuild: true
    dev: true
    optional: true

  /@rspack/binding-linux-arm64-musl/0.6.5:
    resolution: {integrity: sha1-is1HEf8/ArXdy/oVY8lTQJcWhDk=, tarball: '@rspack/binding-linux-arm64-musl/download/@rspack/binding-linux-arm64-musl-0.6.5.tgz'}
    cpu: [arm64]
    os: [linux]
    libc: [musl]
    requiresBuild: true
    dev: true
    optional: true

  /@rspack/binding-linux-x64-gnu/0.6.5:
    resolution: {integrity: sha1-G4RFoyYRx4ipiLo+6GagZOrMfyI=, tarball: '@rspack/binding-linux-x64-gnu/download/@rspack/binding-linux-x64-gnu-0.6.5.tgz'}
    cpu: [x64]
    os: [linux]
    libc: [glibc]
    requiresBuild: true
    dev: true
    optional: true

  /@rspack/binding-linux-x64-musl/0.6.5:
    resolution: {integrity: sha1-CIdHVkwnGCW8ENuok8510iKMOtk=, tarball: '@rspack/binding-linux-x64-musl/download/@rspack/binding-linux-x64-musl-0.6.5.tgz'}
    cpu: [x64]
    os: [linux]
    libc: [musl]
    requiresBuild: true
    dev: true
    optional: true

  /@rspack/binding-win32-arm64-msvc/0.6.5:
    resolution: {integrity: sha1-pCl+liuzdenADFMfuj4ZS9aFxOg=, tarball: '@rspack/binding-win32-arm64-msvc/download/@rspack/binding-win32-arm64-msvc-0.6.5.tgz'}
    cpu: [arm64]
    os: [win32]
    requiresBuild: true
    dev: true
    optional: true

  /@rspack/binding-win32-ia32-msvc/0.6.5:
    resolution: {integrity: sha1-8e0TNB0yf3FpW4xErdrKKqxfO7Y=, tarball: '@rspack/binding-win32-ia32-msvc/download/@rspack/binding-win32-ia32-msvc-0.6.5.tgz'}
    cpu: [ia32]
    os: [win32]
    requiresBuild: true
    dev: true
    optional: true

  /@rspack/binding-win32-x64-msvc/0.6.5:
    resolution: {integrity: sha1-n5WxO+JU5vday/36aonXRNjhNx8=, tarball: '@rspack/binding-win32-x64-msvc/download/@rspack/binding-win32-x64-msvc-0.6.5.tgz'}
    cpu: [x64]
    os: [win32]
    requiresBuild: true
    dev: true
    optional: true

  /@rspack/binding/0.6.5:
    resolution: {integrity: sha1-+hoFEag61KQPcKaa4m4oKlXxMJg=, tarball: '@rspack/binding/download/@rspack/binding-0.6.5.tgz'}
    optionalDependencies:
      '@rspack/binding-darwin-arm64': 0.6.5
      '@rspack/binding-darwin-x64': 0.6.5
      '@rspack/binding-linux-arm64-gnu': 0.6.5
      '@rspack/binding-linux-arm64-musl': 0.6.5
      '@rspack/binding-linux-x64-gnu': 0.6.5
      '@rspack/binding-linux-x64-musl': 0.6.5
      '@rspack/binding-win32-arm64-msvc': 0.6.5
      '@rspack/binding-win32-ia32-msvc': 0.6.5
      '@rspack/binding-win32-x64-msvc': 0.6.5
    dev: true

  /@rspack/core/0.6.5:
    resolution: {integrity: sha1-m4YT/rxKkbViIMoCw7Noo1Oo44w=, tarball: '@rspack/core/download/@rspack/core-0.6.5.tgz'}
    engines: {node: '>=16.0.0'}
    peerDependencies:
      '@swc/helpers': '>=0.5.1'
    peerDependenciesMeta:
      '@swc/helpers':
        optional: true
    dependencies:
      '@module-federation/runtime-tools': 0.1.6
      '@rspack/binding': 0.6.5
      caniuse-lite: 1.0.30001618
      enhanced-resolve: 5.12.0
      tapable: 2.2.1
      webpack-sources: 3.2.3
    dev: true

  /@rspack/core/0.6.5_@swc+helpers@0.5.3:
    resolution: {integrity: sha1-m4YT/rxKkbViIMoCw7Noo1Oo44w=, tarball: '@rspack/core/download/@rspack/core-0.6.5.tgz'}
    engines: {node: '>=16.0.0'}
    peerDependencies:
      '@swc/helpers': '>=0.5.1'
    peerDependenciesMeta:
      '@swc/helpers':
        optional: true
    dependencies:
      '@module-federation/runtime-tools': 0.1.6
      '@rspack/binding': 0.6.5
      '@swc/helpers': 0.5.3
      caniuse-lite: 1.0.30001618
      enhanced-resolve: 5.12.0
      tapable: 2.2.1
      webpack-sources: 3.2.3
    dev: true

  /@rspack/plugin-react-refresh/0.6.5_react-refresh@0.14.2:
    resolution: {integrity: sha1-fdvSarDWKFGUbcJ3F9GWI0ZZKEE=, tarball: '@rspack/plugin-react-refresh/download/@rspack/plugin-react-refresh-0.6.5.tgz'}
    peerDependencies:
      react-refresh: '>=0.10.0 <1.0.0'
    peerDependenciesMeta:
      react-refresh:
        optional: true
    dependencies:
      react-refresh: 0.14.2
    dev: true

  /@swc/helpers/0.5.3:
    resolution: {integrity: sha1-mMbaHhlvXwj5d2WLgNa9lBtfKU8=, tarball: '@swc/helpers/download/@swc/helpers-0.5.3.tgz'}
    dependencies:
      tslib: 2.6.2
    dev: true

  /caniuse-lite/1.0.30001618:
    resolution: {integrity: sha1-+tdPoAau8PAejlwKVUDHTY027G8=, tarball: caniuse-lite/download/caniuse-lite-1.0.30001618.tgz}
    dev: true

  /core-js/3.36.1:
    resolution: {integrity: sha1-yXpxYOvQCy3hnmL0u9NAarcg5Xg=, tarball: core-js/download/core-js-3.36.1.tgz}
    requiresBuild: true
    dev: true

  /crypto-js/4.2.0:
    resolution: {integrity: sha1-TZMWOezf0S/4DoGG26avLC6FZjE=, tarball: crypto-js/download/crypto-js-4.2.0.tgz}
    dev: false

  /enhanced-resolve/5.12.0:
    resolution: {integrity: sha1-MA4ckCKPW1cMTTW6vyY/bacVVjQ=, tarball: enhanced-resolve/download/enhanced-resolve-5.12.0.tgz}
    engines: {node: '>=10.13.0'}
    dependencies:
      graceful-fs: 4.2.11
      tapable: 2.2.1
    dev: true

  /fsevents/2.3.3:
    resolution: {integrity: sha1-ysZAd4XQNnWipeGlMFxpezR9kNY=, tarball: fsevents/download/fsevents-2.3.3.tgz}
    engines: {node: ^8.16.0 || ^10.6.0 || >=11.0.0}
    os: [darwin]
    requiresBuild: true
    dev: true
    optional: true

  /graceful-fs/4.2.11:
    resolution: {integrity: sha1-QYPk6L8Iu24Fu7L30uDI9xLKQOM=, tarball: graceful-fs/download/graceful-fs-4.2.11.tgz}
    dev: true

  /html-rspack-plugin/5.7.2_@rspack+core@0.6.5:
    resolution: {integrity: sha1-x7/lQifDg4S3kP/GESfsMWHNmlk=, tarball: html-rspack-plugin/download/html-rspack-plugin-5.7.2.tgz}
    engines: {node: '>=10.13.0'}
    peerDependencies:
      '@rspack/core': 0.x || 1.x
    peerDependenciesMeta:
      '@rspack/core':
        optional: true
    dependencies:
      '@rspack/core': 0.6.5_@swc+helpers@0.5.3
    dev: true

  /loadsh/0.0.4:
    resolution: {integrity: sha1-UxS6vRK7EzFd3gJKTKcHWMVInS0=, tarball: loadsh/download/loadsh-0.0.4.tgz}
    deprecated: This is a typosquat on the popular Lodash package. This is not maintained nor is the original Lodash package.
    dev: false

  /nanoid/3.3.7:
    resolution: {integrity: sha1-0MMBppG8jVTvoKIibM8/4v1la9g=, tarball: nanoid/download/nanoid-3.3.7.tgz}
    engines: {node: ^10 || ^12 || ^13.7 || ^14 || >=15.0.1}
    hasBin: true
    dev: true

  /picocolors/1.0.1:
    resolution: {integrity: sha1-qK1Xm1cZUvDl0liS3lRFvP4lqqE=, tarball: picocolors/download/picocolors-1.0.1.tgz}
    dev: true

  /postcss/8.4.38:
    resolution: {integrity: sha1-s4fVM7ryBUKI4zcGbYHGvunbng4=, tarball: postcss/download/postcss-8.4.38.tgz}
    engines: {node: ^10 || ^12 || >=14}
    dependencies:
      nanoid: 3.3.7
      picocolors: 1.0.1
      source-map-js: 1.2.0
    dev: true

  /react-refresh/0.14.2:
    resolution: {integrity: sha1-ODPaAc4y2kcPH5NrnUd9pccCi/k=, tarball: react-refresh/download/react-refresh-0.14.2.tgz}
    engines: {node: '>=0.10.0'}
    dev: true

  /source-map-js/1.2.0:
    resolution: {integrity: sha1-FrgJwWJRe1uMPn3NMVoqXCYSsq8=, tarball: source-map-js/download/source-map-js-1.2.0.tgz}
    engines: {node: '>=0.10.0'}
    dev: true

  /tapable/2.2.1:
    resolution: {integrity: sha1-GWenPvQGCoLxKrlq+G1S/bdu7KA=, tarball: tapable/download/tapable-2.2.1.tgz}
    engines: {node: '>=6'}
    dev: true

  /tslib/2.6.2:
    resolution: {integrity: sha1-cDrClCXns3zW/UVukkBNRtHz5K4=, tarball: tslib/download/tslib-2.6.2.tgz}
    dev: true

  /webpack-sources/3.2.3:
    resolution: {integrity: sha1-LU2quEUf1LJAzCcFX/agwszqDN4=, tarball: webpack-sources/download/webpack-sources-3.2.3.tgz}
    engines: {node: '>=10.13.0'}
    dev: true
